
Microsoft Visual Studio Solution File, Format Version 12.00
# Visual Studio 15
VisualStudioVersion = 15.0.28307.168
MinimumVisualStudioVersion = 10.0.40219.1
Project("{FAE04EC0-301F-11D3-BF4B-00C04F79EFBC}") = "Dungeon-Tools", "Dungeon-Tools\Dungeon-Tools.csproj", "{1A2FCED9-FDBD-4BDC-97CB-25977B0A1C19}"
EndProject
Global
	GlobalSection(SolutionConfigurationPlatforms) = preSolution
		Debug|Any CPU = Debug|Any CPU
		Release|Any CPU = Release|Any CPU
	EndGlobalSection
	GlobalSection(ProjectConfigurationPlatforms) = postSolution
		{1A2FCED9-FDBD-4BDC-97CB-25977B0A1C19}.Debug|Any CPU.ActiveCfg = Debug|Any CPU
		{1A2FCED9-FDBD-4BDC-97CB-25977B0A1C19}.Debug|Any CPU.Build.0 = Debug|Any CPU
		{1A2FCED9-FDBD-4BDC-97CB-25977B0A1C19}.Release|Any CPU.ActiveCfg = Release|Any CPU
		{1A2FCED9-FDBD-4BDC-97CB-25977B0A1C19}.Release|Any CPU.Build.0 = Release|Any CPU
	EndGlobalSection
	GlobalSection(SolutionProperties) = preSolution
		HideSolutionNode = FALSE
	EndGlobalSection
	GlobalSection(ExtensibilityGlobals) = postSolution
		SolutionGuid = {3D848EE4-0BAA-4D61-820D-7B343B48B18C}
	EndGlobalSection
EndGlobal
